// !$*UTF8*$!
{
	archiveVersion = 1;
	classes = {
	};
	objectVersion = 56;
	objects = {

/* Begin PBXBuildFile section */
		1724727C2931FF0F00C4849B /* EditProfileViewController.swift in Sources */ = {isa = PBXBuildFile; fileRef = 1724727B2931FF0F00C4849B /* EditProfileViewController.swift */; };
		1724728229320FD500C4849B /* Rawg.xcdatamodeld in Sources */ = {isa = PBXBuildFile; fileRef = 1724728029320FD500C4849B /* Rawg.xcdatamodeld */; };
		172472842932103D00C4849B /* CoreDataManager.swift in Sources */ = {isa = PBXBuildFile; fileRef = 172472832932103D00C4849B /* CoreDataManager.swift */; };
		172AD28E292A6D9F006C9D79 /* GameTableViewCell.swift in Sources */ = {isa = PBXBuildFile; fileRef = 172AD28D292A6D9F006C9D79 /* GameTableViewCell.swift */; };
		172AD290292A7EC5006C9D79 /* GameDetail.swift in Sources */ = {isa = PBXBuildFile; fileRef = 172AD28F292A7EC5006C9D79 /* GameDetail.swift */; };
		172AD292292A8346006C9D79 /* DetailViewController.swift in Sources */ = {isa = PBXBuildFile; fileRef = 172AD291292A8346006C9D79 /* DetailViewController.swift */; };
		172C464A292E935000AB035B /* Rawg-Info.plist in Resources */ = {isa = PBXBuildFile; fileRef = 172C4649292E935000AB035B /* Rawg-Info.plist */; };
		17E1669D292FBFE30081F395 /* UserPref.swift in Sources */ = {isa = PBXBuildFile; fileRef = 17E1669C292FBFE30081F395 /* UserPref.swift */; };
		17FAA15C2928AAC9001A5DBC /* AppDelegate.swift in Sources */ = {isa = PBXBuildFile; fileRef = 17FAA15B2928AAC9001A5DBC /* AppDelegate.swift */; };
		17FAA15E2928AAC9001A5DBC /* SceneDelegate.swift in Sources */ = {isa = PBXBuildFile; fileRef = 17FAA15D2928AAC9001A5DBC /* SceneDelegate.swift */; };
		17FAA1602928AAC9001A5DBC /* HomeViewController.swift in Sources */ = {isa = PBXBuildFile; fileRef = 17FAA15F2928AAC9001A5DBC /* HomeViewController.swift */; };
		17FAA1652928AACA001A5DBC /* Assets.xcassets in Resources */ = {isa = PBXBuildFile; fileRef = 17FAA1642928AACA001A5DBC /* Assets.xcassets */; };
		17FAA1682928AACA001A5DBC /* LaunchScreen.storyboard in Resources */ = {isa = PBXBuildFile; fileRef = 17FAA1662928AACA001A5DBC /* LaunchScreen.storyboard */; };
		17FAA1742928AB8F001A5DBC /* SDWebImage in Frameworks */ = {isa = PBXBuildFile; productRef = 17FAA1732928AB8F001A5DBC /* SDWebImage */; };
		17FAA1762928C31A001A5DBC /* MainTabBarViewController.swift in Sources */ = {isa = PBXBuildFile; fileRef = 17FAA1752928C31A001A5DBC /* MainTabBarViewController.swift */; };
		17FAA1782928C39E001A5DBC /* FavoriteViewController.swift in Sources */ = {isa = PBXBuildFile; fileRef = 17FAA1772928C39E001A5DBC /* FavoriteViewController.swift */; };
		17FAA17A2928C3AF001A5DBC /* AccountViewController.swift in Sources */ = {isa = PBXBuildFile; fileRef = 17FAA1792928C3AF001A5DBC /* AccountViewController.swift */; };
		17FAA17D2928CF0F001A5DBC /* AccountHeaderUIView.swift in Sources */ = {isa = PBXBuildFile; fileRef = 17FAA17C2928CF0F001A5DBC /* AccountHeaderUIView.swift */; };
		17FAA17F29293693001A5DBC /* GameModel.swift in Sources */ = {isa = PBXBuildFile; fileRef = 17FAA17E29293693001A5DBC /* GameModel.swift */; };
		17FAA181292936A5001A5DBC /* GamesResponse.swift in Sources */ = {isa = PBXBuildFile; fileRef = 17FAA180292936A5001A5DBC /* GamesResponse.swift */; };
		17FAA18529293C0A001A5DBC /* NetworkClient.swift in Sources */ = {isa = PBXBuildFile; fileRef = 17FAA18429293C0A001A5DBC /* NetworkClient.swift */; };
		17FAA18A29294316001A5DBC /* CollectionViewTableViewCell.swift in Sources */ = {isa = PBXBuildFile; fileRef = 17FAA18929294316001A5DBC /* CollectionViewTableViewCell.swift */; };
		17FAA18C29294386001A5DBC /* GameCollectionViewCell.swift in Sources */ = {isa = PBXBuildFile; fileRef = 17FAA18B29294386001A5DBC /* GameCollectionViewCell.swift */; };
		17FAA18F29294870001A5DBC /* Extensions.swift in Sources */ = {isa = PBXBuildFile; fileRef = 17FAA18E29294870001A5DBC /* Extensions.swift */; };
		17FAA1A8292A073E001A5DBC /* SearchViewController.swift in Sources */ = {isa = PBXBuildFile; fileRef = 17FAA1A7292A073E001A5DBC /* SearchViewController.swift */; };
		17FAA1AA292A0AF1001A5DBC /* SearchResultViewController.swift in Sources */ = {isa = PBXBuildFile; fileRef = 17FAA1A9292A0AF1001A5DBC /* SearchResultViewController.swift */; };
/* End PBXBuildFile section */

/* Begin PBXFileReference section */
		1724727B2931FF0F00C4849B /* EditProfileViewController.swift */ = {isa = PBXFileReference; lastKnownFileType = sourcecode.swift; path = EditProfileViewController.swift; sourceTree = "<group>"; };
		1724728129320FD500C4849B /* Rawg.xcdatamodel */ = {isa = PBXFileReference; lastKnownFileType = wrapper.xcdatamodel; path = Rawg.xcdatamodel; sourceTree = "<group>"; };
		172472832932103D00C4849B /* CoreDataManager.swift */ = {isa = PBXFileReference; lastKnownFileType = sourcecode.swift; path = CoreDataManager.swift; sourceTree = "<group>"; };
		172AD28D292A6D9F006C9D79 /* GameTableViewCell.swift */ = {isa = PBXFileReference; lastKnownFileType = sourcecode.swift; path = GameTableViewCell.swift; sourceTree = "<group>"; };
		172AD28F292A7EC5006C9D79 /* GameDetail.swift */ = {isa = PBXFileReference; lastKnownFileType = sourcecode.swift; path = GameDetail.swift; sourceTree = "<group>"; };
		172AD291292A8346006C9D79 /* DetailViewController.swift */ = {isa = PBXFileReference; lastKnownFileType = sourcecode.swift; path = DetailViewController.swift; sourceTree = "<group>"; };
		172C4649292E935000AB035B /* Rawg-Info.plist */ = {isa = PBXFileReference; lastKnownFileType = text.plist.xml; path = "Rawg-Info.plist"; sourceTree = "<group>"; };
		17E1669C292FBFE30081F395 /* UserPref.swift */ = {isa = PBXFileReference; lastKnownFileType = sourcecode.swift; path = UserPref.swift; sourceTree = "<group>"; };
		17FAA1582928AAC9001A5DBC /* Rawg.app */ = {isa = PBXFileReference; explicitFileType = wrapper.application; includeInIndex = 0; path = Rawg.app; sourceTree = BUILT_PRODUCTS_DIR; };
		17FAA15B2928AAC9001A5DBC /* AppDelegate.swift */ = {isa = PBXFileReference; lastKnownFileType = sourcecode.swift; path = AppDelegate.swift; sourceTree = "<group>"; };
		17FAA15D2928AAC9001A5DBC /* SceneDelegate.swift */ = {isa = PBXFileReference; lastKnownFileType = sourcecode.swift; path = SceneDelegate.swift; sourceTree = "<group>"; };
		17FAA15F2928AAC9001A5DBC /* HomeViewController.swift */ = {isa = PBXFileReference; lastKnownFileType = sourcecode.swift; path = HomeViewController.swift; sourceTree = "<group>"; };
		17FAA1642928AACA001A5DBC /* Assets.xcassets */ = {isa = PBXFileReference; lastKnownFileType = folder.assetcatalog; path = Assets.xcassets; sourceTree = "<group>"; };
		17FAA1672928AACA001A5DBC /* Base */ = {isa = PBXFileReference; lastKnownFileType = file.storyboard; name = Base; path = Base.lproj/LaunchScreen.storyboard; sourceTree = "<group>"; };
		17FAA1692928AACA001A5DBC /* Info.plist */ = {isa = PBXFileReference; lastKnownFileType = text.plist.xml; path = Info.plist; sourceTree = "<group>"; };
		17FAA1752928C31A001A5DBC /* MainTabBarViewController.swift */ = {isa = PBXFileReference; lastKnownFileType = sourcecode.swift; path = MainTabBarViewController.swift; sourceTree = "<group>"; };
		17FAA1772928C39E001A5DBC /* FavoriteViewController.swift */ = {isa = PBXFileReference; lastKnownFileType = sourcecode.swift; path = FavoriteViewController.swift; sourceTree = "<group>"; };
		17FAA1792928C3AF001A5DBC /* AccountViewController.swift */ = {isa = PBXFileReference; lastKnownFileType = sourcecode.swift; path = AccountViewController.swift; sourceTree = "<group>"; };
		17FAA17C2928CF0F001A5DBC /* AccountHeaderUIView.swift */ = {isa = PBXFileReference; lastKnownFileType = sourcecode.swift; path = AccountHeaderUIView.swift; sourceTree = "<group>"; };
		17FAA17E29293693001A5DBC /* GameModel.swift */ = {isa = PBXFileReference; lastKnownFileType = sourcecode.swift; path = GameModel.swift; sourceTree = "<group>"; };
		17FAA180292936A5001A5DBC /* GamesResponse.swift */ = {isa = PBXFileReference; lastKnownFileType = sourcecode.swift; path = GamesResponse.swift; sourceTree = "<group>"; };
		17FAA18429293C0A001A5DBC /* NetworkClient.swift */ = {isa = PBXFileReference; lastKnownFileType = sourcecode.swift; path = NetworkClient.swift; sourceTree = "<group>"; };
		17FAA18929294316001A5DBC /* CollectionViewTableViewCell.swift */ = {isa = PBXFileReference; lastKnownFileType = sourcecode.swift; path = CollectionViewTableViewCell.swift; sourceTree = "<group>"; };
		17FAA18B29294386001A5DBC /* GameCollectionViewCell.swift */ = {isa = PBXFileReference; lastKnownFileType = sourcecode.swift; path = GameCollectionViewCell.swift; sourceTree = "<group>"; };
		17FAA18E29294870001A5DBC /* Extensions.swift */ = {isa = PBXFileReference; lastKnownFileType = sourcecode.swift; path = Extensions.swift; sourceTree = "<group>"; };
		17FAA1A7292A073E001A5DBC /* SearchViewController.swift */ = {isa = PBXFileReference; lastKnownFileType = sourcecode.swift; path = SearchViewController.swift; sourceTree = "<group>"; };
		17FAA1A9292A0AF1001A5DBC /* SearchResultViewController.swift */ = {isa = PBXFileReference; lastKnownFileType = sourcecode.swift; path = SearchResultViewController.swift; sourceTree = "<group>"; };
/* End PBXFileReference section */

/* Begin PBXFrameworksBuildPhase section */
		17FAA1552928AAC9001A5DBC /* Frameworks */ = {
			isa = PBXFrameworksBuildPhase;
			buildActionMask = 2147483647;
			files = (
				17FAA1742928AB8F001A5DBC /* SDWebImage in Frameworks */,
			);
			runOnlyForDeploymentPostprocessing = 0;
		};
/* End PBXFrameworksBuildPhase section */

/* Begin PBXGroup section */
		17FAA14F2928AAC9001A5DBC = {
			isa = PBXGroup;
			children = (
				17FAA15A2928AAC9001A5DBC /* Rawg */,
				17FAA1592928AAC9001A5DBC /* Products */,
			);
			sourceTree = "<group>";
		};
		17FAA1592928AAC9001A5DBC /* Products */ = {
			isa = PBXGroup;
			children = (
				17FAA1582928AAC9001A5DBC /* Rawg.app */,
			);
			name = Products;
			sourceTree = "<group>";
		};
		17FAA15A2928AAC9001A5DBC /* Rawg */ = {
			isa = PBXGroup;
			children = (
				17FAA18D29294861001A5DBC /* Extensions */,
				17FAA17B2928CE60001A5DBC /* Views */,
				17FAA1712928AB0F001A5DBC /* Managers */,
				17FAA1702928AADD001A5DBC /* Models */,
				17FAA16F2928AAD6001A5DBC /* Controllers */,
				17FAA15B2928AAC9001A5DBC /* AppDelegate.swift */,
				17FAA15D2928AAC9001A5DBC /* SceneDelegate.swift */,
				17FAA1642928AACA001A5DBC /* Assets.xcassets */,
				17FAA1662928AACA001A5DBC /* LaunchScreen.storyboard */,
				17FAA1692928AACA001A5DBC /* Info.plist */,
				172C4649292E935000AB035B /* Rawg-Info.plist */,
				1724728029320FD500C4849B /* Rawg.xcdatamodeld */,
			);
			path = Rawg;
			sourceTree = "<group>";
		};
		17FAA16F2928AAD6001A5DBC /* Controllers */ = {
			isa = PBXGroup;
			children = (
				17FAA15F2928AAC9001A5DBC /* HomeViewController.swift */,
				17FAA1752928C31A001A5DBC /* MainTabBarViewController.swift */,
				17FAA1772928C39E001A5DBC /* FavoriteViewController.swift */,
				17FAA1792928C3AF001A5DBC /* AccountViewController.swift */,
				17FAA1A7292A073E001A5DBC /* SearchViewController.swift */,
				17FAA1A9292A0AF1001A5DBC /* SearchResultViewController.swift */,
				172AD291292A8346006C9D79 /* DetailViewController.swift */,
				1724727B2931FF0F00C4849B /* EditProfileViewController.swift */,
			);
			path = Controllers;
			sourceTree = "<group>";
		};
		17FAA1702928AADD001A5DBC /* Models */ = {
			isa = PBXGroup;
			children = (
				17FAA17E29293693001A5DBC /* GameModel.swift */,
				17FAA180292936A5001A5DBC /* GamesResponse.swift */,
				172AD28F292A7EC5006C9D79 /* GameDetail.swift */,
			);
			path = Models;
			sourceTree = "<group>";
		};
		17FAA1712928AB0F001A5DBC /* Managers */ = {
			isa = PBXGroup;
			children = (
				17FAA18429293C0A001A5DBC /* NetworkClient.swift */,
				17E1669C292FBFE30081F395 /* UserPref.swift */,
				172472832932103D00C4849B /* CoreDataManager.swift */,
			);
			path = Managers;
			sourceTree = "<group>";
		};
		17FAA17B2928CE60001A5DBC /* Views */ = {
			isa = PBXGroup;
			children = (
				17FAA17C2928CF0F001A5DBC /* AccountHeaderUIView.swift */,
				17FAA18929294316001A5DBC /* CollectionViewTableViewCell.swift */,
				17FAA18B29294386001A5DBC /* GameCollectionViewCell.swift */,
				172AD28D292A6D9F006C9D79 /* GameTableViewCell.swift */,
			);
			path = Views;
			sourceTree = "<group>";
		};
		17FAA18D29294861001A5DBC /* Extensions */ = {
			isa = PBXGroup;
			children = (
				17FAA18E29294870001A5DBC /* Extensions.swift */,
			);
			path = Extensions;
			sourceTree = "<group>";
		};
/* End PBXGroup section */

/* Begin PBXNativeTarget section */
		17FAA1572928AAC9001A5DBC /* Rawg */ = {
			isa = PBXNativeTarget;
			buildConfigurationList = 17FAA16C2928AACA001A5DBC /* Build configuration list for PBXNativeTarget "Rawg" */;
			buildPhases = (
				17FAA1542928AAC9001A5DBC /* Sources */,
				17FAA1552928AAC9001A5DBC /* Frameworks */,
				17FAA1562928AAC9001A5DBC /* Resources */,
			);
			buildRules = (
			);
			dependencies = (
			);
			name = Rawg;
			packageProductDependencies = (
				17FAA1732928AB8F001A5DBC /* SDWebImage */,
			);
			productName = Rawg;
			productReference = 17FAA1582928AAC9001A5DBC /* Rawg.app */;
			productType = "com.apple.product-type.application";
		};
/* End PBXNativeTarget section */

/* Begin PBXProject section */
		17FAA1502928AAC9001A5DBC /* Project object */ = {
			isa = PBXProject;
			attributes = {
				BuildIndependentTargetsInParallel = 1;
				LastSwiftUpdateCheck = 1400;
				LastUpgradeCheck = 1400;
				TargetAttributes = {
					17FAA1572928AAC9001A5DBC = {
						CreatedOnToolsVersion = 14.0;
					};
				};
			};
			buildConfigurationList = 17FAA1532928AAC9001A5DBC /* Build configuration list for PBXProject "Rawg" */;
			compatibilityVersion = "Xcode 14.0";
			developmentRegion = en;
			hasScannedForEncodings = 0;
			knownRegions = (
				en,
				Base,
			);
			mainGroup = 17FAA14F2928AAC9001A5DBC;
			packageReferences = (
				17FAA1722928AB8F001A5DBC /* XCRemoteSwiftPackageReference "SDWebImage" */,
			);
			productRefGroup = 17FAA1592928AAC9001A5DBC /* Products */;
			projectDirPath = "";
			projectRoot = "";
			targets = (
				17FAA1572928AAC9001A5DBC /* Rawg */,
			);
		};
/* End PBXProject section */

/* Begin PBXResourcesBuildPhase section */
		17FAA1562928AAC9001A5DBC /* Resources */ = {
			isa = PBXResourcesBuildPhase;
			buildActionMask = 2147483647;
			files = (
				17FAA1682928AACA001A5DBC /* LaunchScreen.storyboard in Resources */,
				172C464A292E935000AB035B /* Rawg-Info.plist in Resources */,
				17FAA1652928AACA001A5DBC /* Assets.xcassets in Resources */,
			);
			runOnlyForDeploymentPostprocessing = 0;
		};
/* End PBXResourcesBuildPhase section */

/* Begin PBXSourcesBuildPhase section */
		17FAA1542928AAC9001A5DBC /* Sources */ = {
			isa = PBXSourcesBuildPhase;
			buildActionMask = 2147483647;
			files = (
				17FAA1A8292A073E001A5DBC /* SearchViewController.swift in Sources */,
				17FAA1602928AAC9001A5DBC /* HomeViewController.swift in Sources */,
				17FAA17D2928CF0F001A5DBC /* AccountHeaderUIView.swift in Sources */,
				17FAA18A29294316001A5DBC /* CollectionViewTableViewCell.swift in Sources */,
				17FAA1762928C31A001A5DBC /* MainTabBarViewController.swift in Sources */,
				172AD28E292A6D9F006C9D79 /* GameTableViewCell.swift in Sources */,
				17FAA18C29294386001A5DBC /* GameCollectionViewCell.swift in Sources */,
				17FAA17A2928C3AF001A5DBC /* AccountViewController.swift in Sources */,
				1724727C2931FF0F00C4849B /* EditProfileViewController.swift in Sources */,
				172AD290292A7EC5006C9D79 /* GameDetail.swift in Sources */,
				172472842932103D00C4849B /* CoreDataManager.swift in Sources */,
				172AD292292A8346006C9D79 /* DetailViewController.swift in Sources */,
				17E1669D292FBFE30081F395 /* UserPref.swift in Sources */,
				17FAA15C2928AAC9001A5DBC /* AppDelegate.swift in Sources */,
				17FAA17F29293693001A5DBC /* GameModel.swift in Sources */,
				1724728229320FD500C4849B /* Rawg.xcdatamodeld in Sources */,
				17FAA15E2928AAC9001A5DBC /* SceneDelegate.swift in Sources */,
				17FAA181292936A5001A5DBC /* GamesResponse.swift in Sources */,
				17FAA1782928C39E001A5DBC /* FavoriteViewController.swift in Sources */,
				17FAA18529293C0A001A5DBC /* NetworkClient.swift in Sources */,
				17FAA1AA292A0AF1001A5DBC /* SearchResultViewController.swift in Sources */,
				17FAA18F29294870001A5DBC /* Extensions.swift in Sources */,
			);
			runOnlyForDeploymentPostprocessing = 0;
		};
/* End PBXSourcesBuildPhase section */

/* Begin PBXVariantGroup section */
		17FAA1662928AACA001A5DBC /* LaunchScreen.storyboard */ = {
			isa = PBXVariantGroup;
			children = (
				17FAA1672928AACA001A5DBC /* Base */,
			);
			name = LaunchScreen.storyboard;
			sourceTree = "<group>";
		};
/* End PBXVariantGroup section */

/* Begin XCBuildConfiguration section */
		17FAA16A2928AACA001A5DBC /* Debug */ = {
			isa = XCBuildConfiguration;
			buildSettings = {
				ALWAYS_SEARCH_USER_PATHS = NO;
				CLANG_ANALYZER_NONNULL = YES;
				CLANG_ANALYZER_NUMBER_OBJECT_CONVERSION = YES_AGGRESSIVE;
				CLANG_CXX_LANGUAGE_STANDARD = "gnu++20";
				CLANG_ENABLE_MODULES = YES;
				CLANG_ENABLE_OBJC_ARC = YES;
				CLANG_ENABLE_OBJC_WEAK = YES;
				CLANG_WARN_BLOCK_CAPTURE_AUTORELEASING = YES;
				CLANG_WARN_BOOL_CONVERSION = YES;
				CLANG_WARN_COMMA = YES;
				CLANG_WARN_CONSTANT_CONVERSION = YES;
				CLANG_WARN_DEPRECATED_OBJC_IMPLEMENTATIONS = YES;
				CLANG_WARN_DIRECT_OBJC_ISA_USAGE = YES_ERROR;
				CLANG_WARN_DOCUMENTATION_COMMENTS = YES;
				CLANG_WARN_EMPTY_BODY = YES;
				CLANG_WARN_ENUM_CONVERSION = YES;
				CLANG_WARN_INFINITE_RECURSION = YES;
				CLANG_WARN_INT_CONVERSION = YES;
				CLANG_WARN_NON_LITERAL_NULL_CONVERSION = YES;
				CLANG_WARN_OBJC_IMPLICIT_RETAIN_SELF = YES;
				CLANG_WARN_OBJC_LITERAL_CONVERSION = YES;
				CLANG_WARN_OBJC_ROOT_CLASS = YES_ERROR;
				CLANG_WARN_QUOTED_INCLUDE_IN_FRAMEWORK_HEADER = YES;
				CLANG_WARN_RANGE_LOOP_ANALYSIS = YES;
				CLANG_WARN_STRICT_PROTOTYPES = YES;
				CLANG_WARN_SUSPICIOUS_MOVE = YES;
				CLANG_WARN_UNGUARDED_AVAILABILITY = YES_AGGRESSIVE;
				CLANG_WARN_UNREACHABLE_CODE = YES;
				CLANG_WARN__DUPLICATE_METHOD_MATCH = YES;
				COPY_PHASE_STRIP = NO;
				DEBUG_INFORMATION_FORMAT = dwarf;
				ENABLE_STRICT_OBJC_MSGSEND = YES;
				ENABLE_TESTABILITY = YES;
				GCC_C_LANGUAGE_STANDARD = gnu11;
				GCC_DYNAMIC_NO_PIC = NO;
				GCC_NO_COMMON_BLOCKS = YES;
				GCC_OPTIMIZATION_LEVEL = 0;
				GCC_PREPROCESSOR_DEFINITIONS = (
					"DEBUG=1",
					"$(inherited)",
				);
				GCC_WARN_64_TO_32_BIT_CONVERSION = YES;
				GCC_WARN_ABOUT_RETURN_TYPE = YES_ERROR;
				GCC_WARN_UNDECLARED_SELECTOR = YES;
				GCC_WARN_UNINITIALIZED_AUTOS = YES_AGGRESSIVE;
				GCC_WARN_UNUSED_FUNCTION = YES;
				GCC_WARN_UNUSED_VARIABLE = YES;
				IPHONEOS_DEPLOYMENT_TARGET = 16.0;
				MTL_ENABLE_DEBUG_INFO = INCLUDE_SOURCE;
				MTL_FAST_MATH = YES;
				ONLY_ACTIVE_ARCH = YES;
				SDKROOT = iphoneos;
				SWIFT_ACTIVE_COMPILATION_CONDITIONS = DEBUG;
				SWIFT_OPTIMIZATION_LEVEL = "-Onone";
			};
			name = Debug;
		};
		17FAA16B2928AACA001A5DBC /* Release */ = {
			isa = XCBuildConfiguration;
			buildSettings = {
				ALWAYS_SEARCH_USER_PATHS = NO;
				CLANG_ANALYZER_NONNULL = YES;
				CLANG_ANALYZER_NUMBER_OBJECT_CONVERSION = YES_AGGRESSIVE;
				CLANG_CXX_LANGUAGE_STANDARD = "gnu++20";
				CLANG_ENABLE_MODULES = YES;
				CLANG_ENABLE_OBJC_ARC = YES;
				CLANG_ENABLE_OBJC_WEAK = YES;
				CLANG_WARN_BLOCK_CAPTURE_AUTORELEASING = YES;
				CLANG_WARN_BOOL_CONVERSION = YES;
				CLANG_WARN_COMMA = YES;
				CLANG_WARN_CONSTANT_CONVERSION = YES;
				CLANG_WARN_DEPRECATED_OBJC_IMPLEMENTATIONS = YES;
				CLANG_WARN_DIRECT_OBJC_ISA_USAGE = YES_ERROR;
				CLANG_WARN_DOCUMENTATION_COMMENTS = YES;
				CLANG_WARN_EMPTY_BODY = YES;
				CLANG_WARN_ENUM_CONVERSION = YES;
				CLANG_WARN_INFINITE_RECURSION = YES;
				CLANG_WARN_INT_CONVERSION = YES;
				CLANG_WARN_NON_LITERAL_NULL_CONVERSION = YES;
				CLANG_WARN_OBJC_IMPLICIT_RETAIN_SELF = YES;
				CLANG_WARN_OBJC_LITERAL_CONVERSION = YES;
				CLANG_WARN_OBJC_ROOT_CLASS = YES_ERROR;
				CLANG_WARN_QUOTED_INCLUDE_IN_FRAMEWORK_HEADER = YES;
				CLANG_WARN_RANGE_LOOP_ANALYSIS = YES;
				CLANG_WARN_STRICT_PROTOTYPES = YES;
				CLANG_WARN_SUSPICIOUS_MOVE = YES;
				CLANG_WARN_UNGUARDED_AVAILABILITY = YES_AGGRESSIVE;
				CLANG_WARN_UNREACHABLE_CODE = YES;
				CLANG_WARN__DUPLICATE_METHOD_MATCH = YES;
				COPY_PHASE_STRIP = NO;
				DEBUG_INFORMATION_FORMAT = "dwarf-with-dsym";
				ENABLE_NS_ASSERTIONS = NO;
				ENABLE_STRICT_OBJC_MSGSEND = YES;
				GCC_C_LANGUAGE_STANDARD = gnu11;
				GCC_NO_COMMON_BLOCKS = YES;
				GCC_WARN_64_TO_32_BIT_CONVERSION = YES;
				GCC_WARN_ABOUT_RETURN_TYPE = YES_ERROR;
				GCC_WARN_UNDECLARED_SELECTOR = YES;
				GCC_WARN_UNINITIALIZED_AUTOS = YES_AGGRESSIVE;
				GCC_WARN_UNUSED_FUNCTION = YES;
				GCC_WARN_UNUSED_VARIABLE = YES;
				IPHONEOS_DEPLOYMENT_TARGET = 16.0;
				MTL_ENABLE_DEBUG_INFO = NO;
				MTL_FAST_MATH = YES;
				SDKROOT = iphoneos;
				SWIFT_COMPILATION_MODE = wholemodule;
				SWIFT_OPTIMIZATION_LEVEL = "-O";
				VALIDATE_PRODUCT = YES;
			};
			name = Release;
		};
		17FAA16D2928AACA001A5DBC /* Debug */ = {
			isa = XCBuildConfiguration;
			buildSettings = {
				ASSETCATALOG_COMPILER_APPICON_NAME = AppIcon;
				ASSETCATALOG_COMPILER_GLOBAL_ACCENT_COLOR_NAME = AccentColor;
				CODE_SIGN_STYLE = Automatic;
				CURRENT_PROJECT_VERSION = 1;
				GENERATE_INFOPLIST_FILE = YES;
				INFOPLIST_FILE = Rawg/Info.plist;
				INFOPLIST_KEY_UIApplicationSupportsIndirectInputEvents = YES;
				INFOPLIST_KEY_UILaunchStoryboardName = LaunchScreen;
				INFOPLIST_KEY_UISupportedInterfaceOrientations_iPad = "UIInterfaceOrientationPortrait UIInterfaceOrientationPortraitUpsideDown UIInterfaceOrientationLandscapeLeft UIInterfaceOrientationLandscapeRight";
				INFOPLIST_KEY_UISupportedInterfaceOrientations_iPhone = "UIInterfaceOrientationPortrait UIInterfaceOrientationLandscapeLeft UIInterfaceOrientationLandscapeRight";
				LD_RUNPATH_SEARCH_PATHS = (
					"$(inherited)",
					"@executable_path/Frameworks",
				);
				MARKETING_VERSION = 1.0;
				PRODUCT_BUNDLE_IDENTIFIER = com.enrico.Rawg;
				PRODUCT_NAME = "$(TARGET_NAME)";
				SWIFT_EMIT_LOC_STRINGS = YES;
				SWIFT_VERSION = 5.0;
				TARGETED_DEVICE_FAMILY = "1,2";
			};
			name = Debug;
		};
		17FAA16E2928AACA001A5DBC /* Release */ = {
			isa = XCBuildConfiguration;
			buildSettings = {
				ASSETCATALOG_COMPILER_APPICON_NAME = AppIcon;
				ASSETCATALOG_COMPILER_GLOBAL_ACCENT_COLOR_NAME = AccentColor;
				CODE_SIGN_STYLE = Automatic;
				CURRENT_PROJECT_VERSION = 1;
				GENERATE_INFOPLIST_FILE = YES;
				INFOPLIST_FILE = Rawg/Info.plist;
				INFOPLIST_KEY_UIApplicationSupportsIndirectInputEvents = YES;
				INFOPLIST_KEY_UILaunchStoryboardName = LaunchScreen;
				INFOPLIST_KEY_UISupportedInterfaceOrientations_iPad = "UIInterfaceOrientationPortrait UIInterfaceOrientationPortraitUpsideDown UIInterfaceOrientationLandscapeLeft UIInterfaceOrientationLandscapeRight";
				INFOPLIST_KEY_UISupportedInterfaceOrientations_iPhone = "UIInterfaceOrientationPortrait UIInterfaceOrientationLandscapeLeft UIInterfaceOrientationLandscapeRight";
				LD_RUNPATH_SEARCH_PATHS = (
					"$(inherited)",
					"@executable_path/Frameworks",
				);
				MARKETING_VERSION = 1.0;
				PRODUCT_BUNDLE_IDENTIFIER = com.enrico.Rawg;
				PRODUCT_NAME = "$(TARGET_NAME)";
				SWIFT_EMIT_LOC_STRINGS = YES;
				SWIFT_VERSION = 5.0;
				TARGETED_DEVICE_FAMILY = "1,2";
			};
			name = Release;
		};
/* End XCBuildConfiguration section */

/* Begin XCConfigurationList section */
		17FAA1532928AAC9001A5DBC /* Build configuration list for PBXProject "Rawg" */ = {
			isa = XCConfigurationList;
			buildConfigurations = (
				17FAA16A2928AACA001A5DBC /* Debug */,
				17FAA16B2928AACA001A5DBC /* Release */,
			);
			defaultConfigurationIsVisible = 0;
			defaultConfigurationName = Release;
		};
		17FAA16C2928AACA001A5DBC /* Build configuration list for PBXNativeTarget "Rawg" */ = {
			isa = XCConfigurationList;
			buildConfigurations = (
				17FAA16D2928AACA001A5DBC /* Debug */,
				17FAA16E2928AACA001A5DBC /* Release */,
			);
			defaultConfigurationIsVisible = 0;
			defaultConfigurationName = Release;
		};
/* End XCConfigurationList section */

/* Begin XCRemoteSwiftPackageReference section */
		17FAA1722928AB8F001A5DBC /* XCRemoteSwiftPackageReference "SDWebImage" */ = {
			isa = XCRemoteSwiftPackageReference;
			repositoryURL = "https://github.com/SDWebImage/SDWebImage.git";
			requirement = {
				kind = exactVersion;
				version = 5.9.5;
			};
		};
/* End XCRemoteSwiftPackageReference section */

/* Begin XCSwiftPackageProductDependency section */
		17FAA1732928AB8F001A5DBC /* SDWebImage */ = {
			isa = XCSwiftPackageProductDependency;
			package = 17FAA1722928AB8F001A5DBC /* XCRemoteSwiftPackageReference "SDWebImage" */;
			productName = SDWebImage;
		};
/* End XCSwiftPackageProductDependency section */

/* Begin XCVersionGroup section */
		1724728029320FD500C4849B /* Rawg.xcdatamodeld */ = {
			isa = XCVersionGroup;
			children = (
				1724728129320FD500C4849B /* Rawg.xcdatamodel */,
			);
			currentVersion = 1724728129320FD500C4849B /* Rawg.xcdatamodel */;
			path = Rawg.xcdatamodeld;
			sourceTree = "<group>";
			versionGroupType = wrapper.xcdatamodel;
		};
/* End XCVersionGroup section */
	};
	rootObject = 17FAA1502928AAC9001A5DBC /* Project object */;
}
